// !$*UTF8*$!
{
	archiveVersion = 1;
	classes = {
	};
	objectVersion = 77;
	objects = {

/* Begin PBXBuildFile section */
		A21B101B2F0D5ECD00DA9619 /* IbFoundation in Frameworks */ = {isa = PBXBuildFile; productRef = A21B101A2F0D5ECD00DA9619 /* IbFoundation */; };
		A21B101D2F0D5ECD00DA9619 /* IbToolKit in Frameworks */ = {isa = PBXBuildFile; productRef = A21B101C2F0D5ECD00DA9619 /* IbToolKit */; };
		A21B10202F0D5EEC00DA9619 /* FeedKit in Frameworks */ = {isa = PBXBuildFile; productRef = A21B101F2F0D5EEC00DA9619 /* FeedKit */; };
		A21B10222F0D5EEC00DA9619 /* XMLKit in Frameworks */ = {isa = PBXBuildFile; productRef = A21B10212F0D5EEC00DA9619 /* XMLKit */; };
/* End PBXBuildFile section */

/* Begin PBXContainerItemProxy section */
		A22215CF2EE8849800EFFBEA /* PBXContainerItemProxy */ = {
			isa = PBXContainerItemProxy;
			containerPortal = A22215B92EE8849500EFFBEA /* Project object */;
			proxyType = 1;
			remoteGlobalIDString = A22215C02EE8849500EFFBEA;
			remoteInfo = CastHub;
		};
		A22215D92EE8849800EFFBEA /* PBXContainerItemProxy */ = {
			isa = PBXContainerItemProxy;
			containerPortal = A22215B92EE8849500EFFBEA /* Project object */;
			proxyType = 1;
			remoteGlobalIDString = A22215C02EE8849500EFFBEA;
			remoteInfo = CastHub;
		};
/* End PBXContainerItemProxy section */

/* Begin PBXFileReference section */
		A22215C12EE8849500EFFBEA /* CastHub.app */ = {isa = PBXFileReference; explicitFileType = wrapper.application; includeInIndex = 0; path = CastHub.app; sourceTree = BUILT_PRODUCTS_DIR; };
		A22215CE2EE8849800EFFBEA /* CastHubTests.xctest */ = {isa = PBXFileReference; explicitFileType = wrapper.cfbundle; includeInIndex = 0; path = CastHubTests.xctest; sourceTree = BUILT_PRODUCTS_DIR; };
		A22215D82EE8849800EFFBEA /* CastHubUITests.xctest */ = {isa = PBXFileReference; explicitFileType = wrapper.cfbundle; includeInIndex = 0; path = CastHubUITests.xctest; sourceTree = BUILT_PRODUCTS_DIR; };
/* End PBXFileReference section */

/* Begin PBXFileSystemSynchronizedBuildFileExceptionSet section */
		A21D845D2F12C4EA00428DB6 /* Exceptions for "CastHubTests" folder in "CastHub" target */ = {
			isa = PBXFileSystemSynchronizedBuildFileExceptionSet;
			membershipExceptions = (
				Resources/FeedResponses.xml,
				Resources/MockPodcastResponses.json,
			);
			target = A22215C02EE8849500EFFBEA /* CastHub */;
		};
		A23778582EF8230B006876B8 /* Exceptions for "CastHub" folder in "CastHub" target */ = {
			isa = PBXFileSystemSynchronizedBuildFileExceptionSet;
			membershipExceptions = (
				Domain/UseCases/Pagination/PaginationResult.swift,
			);
			target = A22215C02EE8849500EFFBEA /* CastHub */;
		};
/* End PBXFileSystemSynchronizedBuildFileExceptionSet section */

/* Begin PBXFileSystemSynchronizedGroupBuildPhaseMembershipExceptionSet section */
		A23778592EF8230B006876B8 /* Exceptions for "CastHub" folder in "Copy Bundle Resources" phase from "CastHub" target */ = {
			isa = PBXFileSystemSynchronizedGroupBuildPhaseMembershipExceptionSet;
			buildPhase = A22215BF2EE8849500EFFBEA /* Resources */;
			membershipExceptions = (
				Domain/UseCases/Pagination/PaginationResult.swift,
			);
		};
/* End PBXFileSystemSynchronizedGroupBuildPhaseMembershipExceptionSet section */

/* Begin PBXFileSystemSynchronizedRootGroup section */
		A21297362F1553670061D250 /* Screenshots */ = {
			isa = PBXFileSystemSynchronizedRootGroup;
			path = Screenshots;
			sourceTree = "<group>";
		};
		A22215C32EE8849500EFFBEA /* CastHub */ = {
			isa = PBXFileSystemSynchronizedRootGroup;
			exceptions = (
				A23778582EF8230B006876B8 /* Exceptions for "CastHub" folder in "CastHub" target */,
				A23778592EF8230B006876B8 /* Exceptions for "CastHub" folder in "Copy Bundle Resources" phase from "CastHub" target */,
			);
			path = CastHub;
			sourceTree = "<group>";
		};
		A22215D12EE8849800EFFBEA /* CastHubTests */ = {
			isa = PBXFileSystemSynchronizedRootGroup;
			exceptions = (
				A21D845D2F12C4EA00428DB6 /* Exceptions for "CastHubTests" folder in "CastHub" target */,
			);
			path = CastHubTests;
			sourceTree = "<group>";
		};
		A22215DB2EE8849800EFFBEA /* CastHubUITests */ = {
			isa = PBXFileSystemSynchronizedRootGroup;
			path = CastHubUITests;
			sourceTree = "<group>";
		};
/* End PBXFileSystemSynchronizedRootGroup section */

/* Begin PBXFrameworksBuildPhase section */
		A22215BE2EE8849500EFFBEA /* Frameworks */ = {
			isa = PBXFrameworksBuildPhase;
			buildActionMask = 2147483647;
			files = (
				A21B10202F0D5EEC00DA9619 /* FeedKit in Frameworks */,
				A21B101D2F0D5ECD00DA9619 /* IbToolKit in Frameworks */,
				A21B101B2F0D5ECD00DA9619 /* IbFoundation in Frameworks */,
				A21B10222F0D5EEC00DA9619 /* XMLKit in Frameworks */,
			);
			runOnlyForDeploymentPostprocessing = 0;
		};
		A22215CB2EE8849800EFFBEA /* Frameworks */ = {
			isa = PBXFrameworksBuildPhase;
			buildActionMask = 2147483647;
			files = (
			);
			runOnlyForDeploymentPostprocessing = 0;
		};
		A22215D52EE8849800EFFBEA /* Frameworks */ = {
			isa = PBXFrameworksBuildPhase;
			buildActionMask = 2147483647;
			files = (
			);
			runOnlyForDeploymentPostprocessing = 0;
		};
/* End PBXFrameworksBuildPhase section */

/* Begin PBXGroup section */
		A22215B82EE8849500EFFBEA = {
			isa = PBXGroup;
			children = (
				A21297362F1553670061D250 /* Screenshots */,
				A22215C32EE8849500EFFBEA /* CastHub */,
				A22215D12EE8849800EFFBEA /* CastHubTests */,
				A22215DB2EE8849800EFFBEA /* CastHubUITests */,
				A22215C22EE8849500EFFBEA /* Products */,
			);
			sourceTree = "<group>";
		};
		A22215C22EE8849500EFFBEA /* Products */ = {
			isa = PBXGroup;
			children = (
				A22215C12EE8849500EFFBEA /* CastHub.app */,
				A22215CE2EE8849800EFFBEA /* CastHubTests.xctest */,
				A22215D82EE8849800EFFBEA /* CastHubUITests.xctest */,
			);
			name = Products;
			sourceTree = "<group>";
		};
/* End PBXGroup section */

/* Begin PBXNativeTarget section */
		A22215C02EE8849500EFFBEA /* CastHub */ = {
			isa = PBXNativeTarget;
			buildConfigurationList = A22215E22EE8849800EFFBEA /* Build configuration list for PBXNativeTarget "CastHub" */;
			buildPhases = (
				A22215BD2EE8849500EFFBEA /* Sources */,
				A22215BE2EE8849500EFFBEA /* Frameworks */,
				A22215BF2EE8849500EFFBEA /* Resources */,
			);
			buildRules = (
			);
			dependencies = (
			);
			fileSystemSynchronizedGroups = (
				A21297362F1553670061D250 /* Screenshots */,
				A22215C32EE8849500EFFBEA /* CastHub */,
			);
			name = CastHub;
			packageProductDependencies = (
				A21B101A2F0D5ECD00DA9619 /* IbFoundation */,
				A21B101C2F0D5ECD00DA9619 /* IbToolKit */,
				A21B101F2F0D5EEC00DA9619 /* FeedKit */,
				A21B10212F0D5EEC00DA9619 /* XMLKit */,
			);
			productName = CastHub;
			productReference = A22215C12EE8849500EFFBEA /* CastHub.app */;
			productType = "com.apple.product-type.application";
		};
		A22215CD2EE8849800EFFBEA /* CastHubTests */ = {
			isa = PBXNativeTarget;
			buildConfigurationList = A22215E52EE8849800EFFBEA /* Build configuration list for PBXNativeTarget "CastHubTests" */;
			buildPhases = (
				A22215CA2EE8849800EFFBEA /* Sources */,
				A22215CB2EE8849800EFFBEA /* Frameworks */,
				A22215CC2EE8849800EFFBEA /* Resources */,
			);
			buildRules = (
			);
			dependencies = (
				A22215D02EE8849800EFFBEA /* PBXTargetDependency */,
			);
			fileSystemSynchronizedGroups = (
				A22215D12EE8849800EFFBEA /* CastHubTests */,
			);
			name = CastHubTests;
			packageProductDependencies = (
			);
			productName = CastHubTests;
			productReference = A22215CE2EE8849800EFFBEA /* CastHubTests.xctest */;
			productType = "com.apple.product-type.bundle.unit-test";
		};
		A22215D72EE8849800EFFBEA /* CastHubUITests */ = {
			isa = PBXNativeTarget;
			buildConfigurationList = A22215E82EE8849800EFFBEA /* Build configuration list for PBXNativeTarget "CastHubUITests" */;
			buildPhases = (
				A22215D42EE8849800EFFBEA /* Sources */,
				A22215D52EE8849800EFFBEA /* Frameworks */,
				A22215D62EE8849800EFFBEA /* Resources */,
			);
			buildRules = (
			);
			dependencies = (
				A22215DA2EE8849800EFFBEA /* PBXTargetDependency */,
			);
			fileSystemSynchronizedGroups = (
				A22215DB2EE8849800EFFBEA /* CastHubUITests */,
			);
			name = CastHubUITests;
			packageProductDependencies = (
			);
			productName = CastHubUITests;
			productReference = A22215D82EE8849800EFFBEA /* CastHubUITests.xctest */;
			productType = "com.apple.product-type.bundle.ui-testing";
		};
/* End PBXNativeTarget section */

/* Begin PBXProject section */
		A22215B92EE8849500EFFBEA /* Project object */ = {
			isa = PBXProject;
			attributes = {
				BuildIndependentTargetsInParallel = 1;
				LastSwiftUpdateCheck = 2610;
				LastUpgradeCheck = 2610;
				TargetAttributes = {
					A22215C02EE8849500EFFBEA = {
						CreatedOnToolsVersion = 26.1.1;
					};
					A22215CD2EE8849800EFFBEA = {
						CreatedOnToolsVersion = 26.1.1;
						TestTargetID = A22215C02EE8849500EFFBEA;
					};
					A22215D72EE8849800EFFBEA = {
						CreatedOnToolsVersion = 26.1.1;
						TestTargetID = A22215C02EE8849500EFFBEA;
					};
				};
			};
			buildConfigurationList = A22215BC2EE8849500EFFBEA /* Build configuration list for PBXProject "CastHub" */;
			developmentRegion = en;
			hasScannedForEncodings = 0;
			knownRegions = (
				en,
				Base,
			);
			mainGroup = A22215B82EE8849500EFFBEA;
			minimizedProjectReferenceProxies = 1;
			packageReferences = (
				A21B10192F0D5ECD00DA9619 /* XCRemoteSwiftPackageReference "IbToolKit" */,
				A21B101E2F0D5EEB00DA9619 /* XCRemoteSwiftPackageReference "FeedKit" */,
			);
			preferredProjectObjectVersion = 77;
			productRefGroup = A22215C22EE8849500EFFBEA /* Products */;
			projectDirPath = "";
			projectRoot = "";
			targets = (
				A22215C02EE8849500EFFBEA /* CastHub */,
				A22215CD2EE8849800EFFBEA /* CastHubTests */,
				A22215D72EE8849800EFFBEA /* CastHubUITests */,
			);
		};
/* End PBXProject section */

/* Begin PBXResourcesBuildPhase section */
		A22215BF2EE8849500EFFBEA /* Resources */ = {
			isa = PBXResourcesBuildPhase;
			buildActionMask = 2147483647;
			files = (
			);
			runOnlyForDeploymentPostprocessing = 0;
		};
		A22215CC2EE8849800EFFBEA /* Resources */ = {
			isa = PBXResourcesBuildPhase;
			buildActionMask = 2147483647;
			files = (
			);
			runOnlyForDeploymentPostprocessing = 0;
		};
		A22215D62EE8849800EFFBEA /* Resources */ = {
			isa = PBXResourcesBuildPhase;
			buildActionMask = 2147483647;
			files = (
			);
			runOnlyForDeploymentPostprocessing = 0;
		};
/* End PBXResourcesBuildPhase section */

/* Begin PBXSourcesBuildPhase section */
		A22215BD2EE8849500EFFBEA /* Sources */ = {
			isa = PBXSourcesBuildPhase;
			buildActionMask = 2147483647;
			files = (
			);
			runOnlyForDeploymentPostprocessing = 0;
		};
		A22215CA2EE8849800EFFBEA /* Sources */ = {
			isa = PBXSourcesBuildPhase;
			buildActionMask = 2147483647;
			files = (
			);
			runOnlyForDeploymentPostprocessing = 0;
		};
		A22215D42EE8849800EFFBEA /* Sources */ = {
			isa = PBXSourcesBuildPhase;
			buildActionMask = 2147483647;
			files = (
			);
			runOnlyForDeploymentPostprocessing = 0;
		};
/* End PBXSourcesBuildPhase section */

/* Begin PBXTargetDependency section */
		A22215D02EE8849800EFFBEA /* PBXTargetDependency */ = {
			isa = PBXTargetDependency;
			target = A22215C02EE8849500EFFBEA /* CastHub */;
			targetProxy = A22215CF2EE8849800EFFBEA /* PBXContainerItemProxy */;
		};
		A22215DA2EE8849800EFFBEA /* PBXTargetDependency */ = {
			isa = PBXTargetDependency;
			target = A22215C02EE8849500EFFBEA /* CastHub */;
			targetProxy = A22215D92EE8849800EFFBEA /* PBXContainerItemProxy */;
		};
/* End PBXTargetDependency section */

/* Begin XCBuildConfiguration section */
		A22217E22EEDE0A700EFFBEA /* Dev */ = {
			isa = XCBuildConfiguration;
			baseConfigurationReferenceAnchor = A22215C32EE8849500EFFBEA /* CastHub */;
			baseConfigurationReferenceRelativePath = "XC Configuration Files/Dev.xcconfig";
			buildSettings = {
				ALWAYS_SEARCH_USER_PATHS = NO;
				ASSETCATALOG_COMPILER_GENERATE_SWIFT_ASSET_SYMBOL_EXTENSIONS = YES;
				CLANG_ANALYZER_NONNULL = YES;
				CLANG_ANALYZER_NUMBER_OBJECT_CONVERSION = YES_AGGRESSIVE;
				CLANG_CXX_LANGUAGE_STANDARD = "gnu++20";
				CLANG_ENABLE_MODULES = YES;
				CLANG_ENABLE_OBJC_ARC = YES;
				CLANG_ENABLE_OBJC_WEAK = YES;
				CLANG_WARN_BLOCK_CAPTURE_AUTORELEASING = YES;
				CLANG_WARN_BOOL_CONVERSION = YES;
				CLANG_WARN_COMMA = YES;
				CLANG_WARN_CONSTANT_CONVERSION = YES;
				CLANG_WARN_DEPRECATED_OBJC_IMPLEMENTATIONS = YES;
				CLANG_WARN_DIRECT_OBJC_ISA_USAGE = YES_ERROR;
				CLANG_WARN_DOCUMENTATION_COMMENTS = YES;
				CLANG_WARN_EMPTY_BODY = YES;
				CLANG_WARN_ENUM_CONVERSION = YES;
				CLANG_WARN_INFINITE_RECURSION = YES;
				CLANG_WARN_INT_CONVERSION = YES;
				CLANG_WARN_NON_LITERAL_NULL_CONVERSION = YES;
				CLANG_WARN_OBJC_IMPLICIT_RETAIN_SELF = YES;
				CLANG_WARN_OBJC_LITERAL_CONVERSION = YES;
				CLANG_WARN_OBJC_ROOT_CLASS = YES_ERROR;
				CLANG_WARN_QUOTED_INCLUDE_IN_FRAMEWORK_HEADER = YES;
				CLANG_WARN_RANGE_LOOP_ANALYSIS = YES;
				CLANG_WARN_STRICT_PROTOTYPES = YES;
				CLANG_WARN_SUSPICIOUS_MOVE = YES;
				CLANG_WARN_UNGUARDED_AVAILABILITY = YES_AGGRESSIVE;
				CLANG_WARN_UNREACHABLE_CODE = YES;
				CLANG_WARN__DUPLICATE_METHOD_MATCH = YES;
				COPY_PHASE_STRIP = NO;
				DEBUG_INFORMATION_FORMAT = dwarf;
				DEVELOPMENT_TEAM = 56LK8QAFHV;
				ENABLE_STRICT_OBJC_MSGSEND = YES;
				ENABLE_TESTABILITY = YES;
				ENABLE_USER_SCRIPT_SANDBOXING = YES;
				GCC_C_LANGUAGE_STANDARD = gnu17;
				GCC_DYNAMIC_NO_PIC = NO;
				GCC_NO_COMMON_BLOCKS = YES;
				GCC_OPTIMIZATION_LEVEL = 0;
				GCC_PREPROCESSOR_DEFINITIONS = (
					"DEBUG=1",
					"$(inherited)",
				);
				GCC_WARN_64_TO_32_BIT_CONVERSION = YES;
				GCC_WARN_ABOUT_RETURN_TYPE = YES_ERROR;
				GCC_WARN_UNDECLARED_SELECTOR = YES;
				GCC_WARN_UNINITIALIZED_AUTOS = YES_AGGRESSIVE;
				GCC_WARN_UNUSED_FUNCTION = YES;
				GCC_WARN_UNUSED_VARIABLE = YES;
				LOCALIZATION_PREFERS_STRING_CATALOGS = YES;
				MTL_ENABLE_DEBUG_INFO = INCLUDE_SOURCE;
				MTL_FAST_MATH = YES;
				ONLY_ACTIVE_ARCH = YES;
				OTHER_SWIFT_FLAGS = "-D DEV";
				SWIFT_ACTIVE_COMPILATION_CONDITIONS = "DEBUG $(inherited)";
				SWIFT_OPTIMIZATION_LEVEL = "-Onone";
			};
			name = Dev;
		};
		A22217E32EEDE0A700EFFBEA /* Dev */ = {
			isa = XCBuildConfiguration;
			baseConfigurationReferenceAnchor = A22215C32EE8849500EFFBEA /* CastHub */;
			baseConfigurationReferenceRelativePath = "XC Configuration Files/Dev.xcconfig";
			buildSettings = {
				ASSETCATALOG_COMPILER_APPICON_NAME = AppIcon;
				ASSETCATALOG_COMPILER_GLOBAL_ACCENT_COLOR_NAME = AccentColor;
				CODE_SIGN_STYLE = Automatic;
				CURRENT_PROJECT_VERSION = 1;
				DEVELOPMENT_TEAM = 56LK8QAFHV;
				ENABLE_APP_SANDBOX = YES;
				ENABLE_HARDENED_RUNTIME = YES;
				ENABLE_PREVIEWS = YES;
				ENABLE_USER_SELECTED_FILES = readonly;
				GENERATE_INFOPLIST_FILE = YES;
				"INFOPLIST_KEY_UIApplicationSceneManifest_Generation[sdk=iphoneos*]" = YES;
				"INFOPLIST_KEY_UIApplicationSceneManifest_Generation[sdk=iphonesimulator*]" = YES;
				"INFOPLIST_KEY_UIApplicationSupportsIndirectInputEvents[sdk=iphoneos*]" = YES;
				"INFOPLIST_KEY_UIApplicationSupportsIndirectInputEvents[sdk=iphonesimulator*]" = YES;
				"INFOPLIST_KEY_UILaunchScreen_Generation[sdk=iphoneos*]" = YES;
				"INFOPLIST_KEY_UILaunchScreen_Generation[sdk=iphonesimulator*]" = YES;
				"INFOPLIST_KEY_UIStatusBarStyle[sdk=iphoneos*]" = UIStatusBarStyleDefault;
				"INFOPLIST_KEY_UIStatusBarStyle[sdk=iphonesimulator*]" = UIStatusBarStyleDefault;
				INFOPLIST_KEY_UISupportedInterfaceOrientations_iPad = "UIInterfaceOrientationPortrait UIInterfaceOrientationPortraitUpsideDown UIInterfaceOrientationLandscapeLeft UIInterfaceOrientationLandscapeRight";
				INFOPLIST_KEY_UISupportedInterfaceOrientations_iPhone = "UIInterfaceOrientationPortrait UIInterfaceOrientationLandscapeLeft UIInterfaceOrientationLandscapeRight";
				IPHONEOS_DEPLOYMENT_TARGET = 26.1;
				LD_RUNPATH_SEARCH_PATHS = "@executable_path/Frameworks";
				"LD_RUNPATH_SEARCH_PATHS[sdk=macosx*]" = "@executable_path/../Frameworks";
				MACOSX_DEPLOYMENT_TARGET = 26.1;
				MARKETING_VERSION = 1.0;
				PRODUCT_BUNDLE_IDENTIFIER = com.ib.CastHub;
				PRODUCT_NAME = "$(TARGET_NAME)";
				REGISTER_APP_GROUPS = YES;
				SDKROOT = auto;
				STRING_CATALOG_GENERATE_SYMBOLS = YES;
				SUPPORTED_PLATFORMS = "iphoneos iphonesimulator macosx xros xrsimulator";
				SWIFT_APPROACHABLE_CONCURRENCY = YES;
				SWIFT_DEFAULT_ACTOR_ISOLATION = MainActor;
				SWIFT_EMIT_LOC_STRINGS = YES;
				SWIFT_UPCOMING_FEATURE_MEMBER_IMPORT_VISIBILITY = YES;
				SWIFT_VERSION = 6.0;
				TARGETED_DEVICE_FAMILY = "1,2,7";
				XROS_DEPLOYMENT_TARGET = 26.1;
			};
			name = Dev;
		};
		A22217E42EEDE0A700EFFBEA /* Dev */ = {
			isa = XCBuildConfiguration;
			baseConfigurationReferenceAnchor = A22215C32EE8849500EFFBEA /* CastHub */;
			baseConfigurationReferenceRelativePath = "XC Configuration Files/Dev.xcconfig";
			buildSettings = {
				BUNDLE_LOADER = "$(TEST_HOST)";
				CODE_SIGN_STYLE = Automatic;
				CURRENT_PROJECT_VERSION = 1;
				DEVELOPMENT_TEAM = 56LK8QAFHV;
				GENERATE_INFOPLIST_FILE = YES;
				IPHONEOS_DEPLOYMENT_TARGET = 26.1;
				MACOSX_DEPLOYMENT_TARGET = 26.1;
				MARKETING_VERSION = 1.0;
				PRODUCT_BUNDLE_IDENTIFIER = com.ib.CastHubTests;
				PRODUCT_NAME = "$(TARGET_NAME)";
				SDKROOT = auto;
				STRING_CATALOG_GENERATE_SYMBOLS = NO;
				SUPPORTED_PLATFORMS = "iphoneos iphonesimulator macosx xros xrsimulator";
				SWIFT_APPROACHABLE_CONCURRENCY = YES;
				SWIFT_EMIT_LOC_STRINGS = NO;
				SWIFT_UPCOMING_FEATURE_MEMBER_IMPORT_VISIBILITY = YES;
				SWIFT_VERSION = 5.0;
				TARGETED_DEVICE_FAMILY = "1,2,7";
				TEST_HOST = "$(BUILT_PRODUCTS_DIR)/CastHub.app/$(BUNDLE_EXECUTABLE_FOLDER_PATH)/CastHub";
				XROS_DEPLOYMENT_TARGET = 26.1;
			};
			name = Dev;
		};
		A22217E52EEDE0A700EFFBEA /* Dev */ = {
			isa = XCBuildConfiguration;
			baseConfigurationReferenceAnchor = A22215C32EE8849500EFFBEA /* CastHub */;
			baseConfigurationReferenceRelativePath = "XC Configuration Files/Dev.xcconfig";
			buildSettings = {
				CODE_SIGN_STYLE = Automatic;
				CURRENT_PROJECT_VERSION = 1;
				DEVELOPMENT_TEAM = 56LK8QAFHV;
				GENERATE_INFOPLIST_FILE = YES;
				IPHONEOS_DEPLOYMENT_TARGET = 26.1;
				MACOSX_DEPLOYMENT_TARGET = 26.1;
				MARKETING_VERSION = 1.0;
				PRODUCT_BUNDLE_IDENTIFIER = com.ib.CastHubUITests;
				PRODUCT_NAME = "$(TARGET_NAME)";
				SDKROOT = auto;
				STRING_CATALOG_GENERATE_SYMBOLS = NO;
				SUPPORTED_PLATFORMS = "iphoneos iphonesimulator macosx xros xrsimulator";
				SWIFT_APPROACHABLE_CONCURRENCY = YES;
				SWIFT_EMIT_LOC_STRINGS = NO;
				SWIFT_UPCOMING_FEATURE_MEMBER_IMPORT_VISIBILITY = YES;
				SWIFT_VERSION = 5.0;
				TARGETED_DEVICE_FAMILY = "1,2,7";
				TEST_TARGET_NAME = CastHub;
				XROS_DEPLOYMENT_TARGET = 26.1;
			};
			name = Dev;
		};
		A22217E62EEDE0CC00EFFBEA /* Prod */ = {
			isa = XCBuildConfiguration;
			baseConfigurationReferenceAnchor = A22215C32EE8849500EFFBEA /* CastHub */;
			baseConfigurationReferenceRelativePath = "XC Configuration Files/Prod.xcconfig";
			buildSettings = {
				ALWAYS_SEARCH_USER_PATHS = NO;
				ASSETCATALOG_COMPILER_GENERATE_SWIFT_ASSET_SYMBOL_EXTENSIONS = YES;
				CLANG_ANALYZER_NONNULL = YES;
				CLANG_ANALYZER_NUMBER_OBJECT_CONVERSION = YES_AGGRESSIVE;
				CLANG_CXX_LANGUAGE_STANDARD = "gnu++20";
				CLANG_ENABLE_MODULES = YES;
				CLANG_ENABLE_OBJC_ARC = YES;
				CLANG_ENABLE_OBJC_WEAK = YES;
				CLANG_WARN_BLOCK_CAPTURE_AUTORELEASING = YES;
				CLANG_WARN_BOOL_CONVERSION = YES;
				CLANG_WARN_COMMA = YES;
				CLANG_WARN_CONSTANT_CONVERSION = YES;
				CLANG_WARN_DEPRECATED_OBJC_IMPLEMENTATIONS = YES;
				CLANG_WARN_DIRECT_OBJC_ISA_USAGE = YES_ERROR;
				CLANG_WARN_DOCUMENTATION_COMMENTS = YES;
				CLANG_WARN_EMPTY_BODY = YES;
				CLANG_WARN_ENUM_CONVERSION = YES;
				CLANG_WARN_INFINITE_RECURSION = YES;
				CLANG_WARN_INT_CONVERSION = YES;
				CLANG_WARN_NON_LITERAL_NULL_CONVERSION = YES;
				CLANG_WARN_OBJC_IMPLICIT_RETAIN_SELF = YES;
				CLANG_WARN_OBJC_LITERAL_CONVERSION = YES;
				CLANG_WARN_OBJC_ROOT_CLASS = YES_ERROR;
				CLANG_WARN_QUOTED_INCLUDE_IN_FRAMEWORK_HEADER = YES;
				CLANG_WARN_RANGE_LOOP_ANALYSIS = YES;
				CLANG_WARN_STRICT_PROTOTYPES = YES;
				CLANG_WARN_SUSPICIOUS_MOVE = YES;
				CLANG_WARN_UNGUARDED_AVAILABILITY = YES_AGGRESSIVE;
				CLANG_WARN_UNREACHABLE_CODE = YES;
				CLANG_WARN__DUPLICATE_METHOD_MATCH = YES;
				COPY_PHASE_STRIP = NO;
				DEBUG_INFORMATION_FORMAT = "dwarf-with-dsym";
				DEVELOPMENT_TEAM = 56LK8QAFHV;
				ENABLE_NS_ASSERTIONS = NO;
				ENABLE_STRICT_OBJC_MSGSEND = YES;
				ENABLE_USER_SCRIPT_SANDBOXING = YES;
				GCC_C_LANGUAGE_STANDARD = gnu17;
				GCC_NO_COMMON_BLOCKS = YES;
				GCC_WARN_64_TO_32_BIT_CONVERSION = YES;
				GCC_WARN_ABOUT_RETURN_TYPE = YES_ERROR;
				GCC_WARN_UNDECLARED_SELECTOR = YES;
				GCC_WARN_UNINITIALIZED_AUTOS = YES_AGGRESSIVE;
				GCC_WARN_UNUSED_FUNCTION = YES;
				GCC_WARN_UNUSED_VARIABLE = YES;
				LOCALIZATION_PREFERS_STRING_CATALOGS = YES;
				MTL_ENABLE_DEBUG_INFO = NO;
				MTL_FAST_MATH = YES;
				OTHER_SWIFT_FLAGS = "-D PROD";
				SWIFT_COMPILATION_MODE = wholemodule;
			};
			name = Prod;
		};
		A22217E72EEDE0CC00EFFBEA /* Prod */ = {
			isa = XCBuildConfiguration;
			baseConfigurationReferenceAnchor = A22215C32EE8849500EFFBEA /* CastHub */;
			baseConfigurationReferenceRelativePath = "XC Configuration Files/Prod.xcconfig";
			buildSettings = {
				ASSETCATALOG_COMPILER_APPICON_NAME = AppIcon;
				ASSETCATALOG_COMPILER_GLOBAL_ACCENT_COLOR_NAME = AccentColor;
				CODE_SIGN_STYLE = Automatic;
				CURRENT_PROJECT_VERSION = 1;
				DEVELOPMENT_TEAM = 56LK8QAFHV;
				ENABLE_APP_SANDBOX = YES;
				ENABLE_HARDENED_RUNTIME = YES;
				ENABLE_PREVIEWS = YES;
				ENABLE_USER_SELECTED_FILES = readonly;
				GENERATE_INFOPLIST_FILE = YES;
				"INFOPLIST_KEY_UIApplicationSceneManifest_Generation[sdk=iphoneos*]" = YES;
				"INFOPLIST_KEY_UIApplicationSceneManifest_Generation[sdk=iphonesimulator*]" = YES;
				"INFOPLIST_KEY_UIApplicationSupportsIndirectInputEvents[sdk=iphoneos*]" = YES;
				"INFOPLIST_KEY_UIApplicationSupportsIndirectInputEvents[sdk=iphonesimulator*]" = YES;
				"INFOPLIST_KEY_UILaunchScreen_Generation[sdk=iphoneos*]" = YES;
				"INFOPLIST_KEY_UILaunchScreen_Generation[sdk=iphonesimulator*]" = YES;
				"INFOPLIST_KEY_UIStatusBarStyle[sdk=iphoneos*]" = UIStatusBarStyleDefault;
				"INFOPLIST_KEY_UIStatusBarStyle[sdk=iphonesimulator*]" = UIStatusBarStyleDefault;
				INFOPLIST_KEY_UISupportedInterfaceOrientations_iPad = "UIInterfaceOrientationPortrait UIInterfaceOrientationPortraitUpsideDown UIInterfaceOrientationLandscapeLeft UIInterfaceOrientationLandscapeRight";
				INFOPLIST_KEY_UISupportedInterfaceOrientations_iPhone = "UIInterfaceOrientationPortrait UIInterfaceOrientationLandscapeLeft UIInterfaceOrientationLandscapeRight";
				IPHONEOS_DEPLOYMENT_TARGET = 26.1;
				LD_RUNPATH_SEARCH_PATHS = "@executable_path/Frameworks";
				"LD_RUNPATH_SEARCH_PATHS[sdk=macosx*]" = "@executable_path/../Frameworks";
				MACOSX_DEPLOYMENT_TARGET = 26.1;
				MARKETING_VERSION = 1.0;
				PRODUCT_BUNDLE_IDENTIFIER = com.ib.CastHub;
				PRODUCT_NAME = "$(TARGET_NAME)";
				REGISTER_APP_GROUPS = YES;
				SDKROOT = auto;
				STRING_CATALOG_GENERATE_SYMBOLS = YES;
				SUPPORTED_PLATFORMS = "iphoneos iphonesimulator macosx xros xrsimulator";
				SWIFT_APPROACHABLE_CONCURRENCY = YES;
				SWIFT_DEFAULT_ACTOR_ISOLATION = MainActor;
				SWIFT_EMIT_LOC_STRINGS = YES;
				SWIFT_UPCOMING_FEATURE_MEMBER_IMPORT_VISIBILITY = YES;
				SWIFT_VERSION = 6.0;
				TARGETED_DEVICE_FAMILY = "1,2,7";
				XROS_DEPLOYMENT_TARGET = 26.1;
			};
			name = Prod;
		};
		A22217E82EEDE0CC00EFFBEA /* Prod */ = {
			isa = XCBuildConfiguration;
			baseConfigurationReferenceAnchor = A22215C32EE8849500EFFBEA /* CastHub */;
			baseConfigurationReferenceRelativePath = "XC Configuration Files/Prod.xcconfig";
			buildSettings = {
				BUNDLE_LOADER = "$(TEST_HOST)";
				CODE_SIGN_STYLE = Automatic;
				CURRENT_PROJECT_VERSION = 1;
				DEVELOPMENT_TEAM = 56LK8QAFHV;
				GENERATE_INFOPLIST_FILE = YES;
				IPHONEOS_DEPLOYMENT_TARGET = 26.1;
				MACOSX_DEPLOYMENT_TARGET = 26.1;
				MARKETING_VERSION = 1.0;
				PRODUCT_BUNDLE_IDENTIFIER = com.ib.CastHubTests;
				PRODUCT_NAME = "$(TARGET_NAME)";
				SDKROOT = auto;
				STRING_CATALOG_GENERATE_SYMBOLS = NO;
				SUPPORTED_PLATFORMS = "iphoneos iphonesimulator macosx xros xrsimulator";
				SWIFT_APPROACHABLE_CONCURRENCY = YES;
				SWIFT_EMIT_LOC_STRINGS = NO;
				SWIFT_UPCOMING_FEATURE_MEMBER_IMPORT_VISIBILITY = YES;
				SWIFT_VERSION = 5.0;
				TARGETED_DEVICE_FAMILY = "1,2,7";
				TEST_HOST = "$(BUILT_PRODUCTS_DIR)/CastHub.app/$(BUNDLE_EXECUTABLE_FOLDER_PATH)/CastHub";
				XROS_DEPLOYMENT_TARGET = 26.1;
			};
			name = Prod;
		};
		A22217E92EEDE0CC00EFFBEA /* Prod */ = {
			isa = XCBuildConfiguration;
			baseConfigurationReferenceAnchor = A22215C32EE8849500EFFBEA /* CastHub */;
			baseConfigurationReferenceRelativePath = "XC Configuration Files/Prod.xcconfig";
			buildSettings = {
				CODE_SIGN_STYLE = Automatic;
				CURRENT_PROJECT_VERSION = 1;
				DEVELOPMENT_TEAM = 56LK8QAFHV;
				GENERATE_INFOPLIST_FILE = YES;
				IPHONEOS_DEPLOYMENT_TARGET = 26.1;
				MACOSX_DEPLOYMENT_TARGET = 26.1;
				MARKETING_VERSION = 1.0;
				PRODUCT_BUNDLE_IDENTIFIER = com.ib.CastHubUITests;
				PRODUCT_NAME = "$(TARGET_NAME)";
				SDKROOT = auto;
				STRING_CATALOG_GENERATE_SYMBOLS = NO;
				SUPPORTED_PLATFORMS = "iphoneos iphonesimulator macosx xros xrsimulator";
				SWIFT_APPROACHABLE_CONCURRENCY = YES;
				SWIFT_EMIT_LOC_STRINGS = NO;
				SWIFT_UPCOMING_FEATURE_MEMBER_IMPORT_VISIBILITY = YES;
				SWIFT_VERSION = 5.0;
				TARGETED_DEVICE_FAMILY = "1,2,7";
				TEST_TARGET_NAME = CastHub;
				XROS_DEPLOYMENT_TARGET = 26.1;
			};
			name = Prod;
		};
/* End XCBuildConfiguration section */

/* Begin XCConfigurationList section */
		A22215BC2EE8849500EFFBEA /* Build configuration list for PBXProject "CastHub" */ = {
			isa = XCConfigurationList;
			buildConfigurations = (
				A22217E22EEDE0A700EFFBEA /* Dev */,
				A22217E62EEDE0CC00EFFBEA /* Prod */,
			);
			defaultConfigurationIsVisible = 0;
			defaultConfigurationName = Dev;
		};
		A22215E22EE8849800EFFBEA /* Build configuration list for PBXNativeTarget "CastHub" */ = {
			isa = XCConfigurationList;
			buildConfigurations = (
				A22217E32EEDE0A700EFFBEA /* Dev */,
				A22217E72EEDE0CC00EFFBEA /* Prod */,
			);
			defaultConfigurationIsVisible = 0;
			defaultConfigurationName = Dev;
		};
		A22215E52EE8849800EFFBEA /* Build configuration list for PBXNativeTarget "CastHubTests" */ = {
			isa = XCConfigurationList;
			buildConfigurations = (
				A22217E42EEDE0A700EFFBEA /* Dev */,
				A22217E82EEDE0CC00EFFBEA /* Prod */,
			);
			defaultConfigurationIsVisible = 0;
			defaultConfigurationName = Dev;
		};
		A22215E82EE8849800EFFBEA /* Build configuration list for PBXNativeTarget "CastHubUITests" */ = {
			isa = XCConfigurationList;
			buildConfigurations = (
				A22217E52EEDE0A700EFFBEA /* Dev */,
				A22217E92EEDE0CC00EFFBEA /* Prod */,
			);
			defaultConfigurationIsVisible = 0;
			defaultConfigurationName = Dev;
		};
/* End XCConfigurationList section */

/* Begin XCRemoteSwiftPackageReference section */
		A21B10192F0D5ECD00DA9619 /* XCRemoteSwiftPackageReference "IbToolKit" */ = {
			isa = XCRemoteSwiftPackageReference;
			repositoryURL = "https://github.com/ibcode1/IbToolKit";
			requirement = {
				kind = upToNextMajorVersion;
				minimumVersion = 1.1.17;
			};
		};
		A21B101E2F0D5EEB00DA9619 /* XCRemoteSwiftPackageReference "FeedKit" */ = {
			isa = XCRemoteSwiftPackageReference;
			repositoryURL = "https://github.com/nmdias/FeedKit";
			requirement = {
				kind = upToNextMajorVersion;
				minimumVersion = 10.1.3;
			};
		};
/* End XCRemoteSwiftPackageReference section */

/* Begin XCSwiftPackageProductDependency section */
		A21B101A2F0D5ECD00DA9619 /* IbFoundation */ = {
			isa = XCSwiftPackageProductDependency;
			package = A21B10192F0D5ECD00DA9619 /* XCRemoteSwiftPackageReference "IbToolKit" */;
			productName = IbFoundation;
		};
		A21B101C2F0D5ECD00DA9619 /* IbToolKit */ = {
			isa = XCSwiftPackageProductDependency;
			package = A21B10192F0D5ECD00DA9619 /* XCRemoteSwiftPackageReference "IbToolKit" */;
			productName = IbToolKit;
		};
		A21B101F2F0D5EEC00DA9619 /* FeedKit */ = {
			isa = XCSwiftPackageProductDependency;
			package = A21B101E2F0D5EEB00DA9619 /* XCRemoteSwiftPackageReference "FeedKit" */;
			productName = FeedKit;
		};
		A21B10212F0D5EEC00DA9619 /* XMLKit */ = {
			isa = XCSwiftPackageProductDependency;
			package = A21B101E2F0D5EEB00DA9619 /* XCRemoteSwiftPackageReference "FeedKit" */;
			productName = XMLKit;
		};
/* End XCSwiftPackageProductDependency section */
	};
	rootObject = A22215B92EE8849500EFFBEA /* Project object */;
}
